
Microsoft Visual Studio Solution File, Format Version 12.00
# Visual Studio 2013
VisualStudioVersion = 12.0.40629.0
MinimumVisualStudioVersion = 10.0.40219.1
Project("{FAE04EC0-301F-11D3-BF4B-00C04F79EFBC}") = "CommonTypeSystem", "CommonTypeSystem\CommonTypeSystem.csproj", "{7880324D-6BEE-429E-A28B-575C3631FC7E}"
EndProject
Project("{FAE04EC0-301F-11D3-BF4B-00C04F79EFBC}") = "PersonProject", "PersonProject\PersonProject.csproj", "{96511499-7D9A-470A-932F-576DAF4EDF3A}"
EndProject
Global
	GlobalSection(SolutionConfigurationPlatforms) = preSolution
		Debug|Any CPU = Debug|Any CPU
		Release|Any CPU = Release|Any CPU
	EndGlobalSection
	GlobalSection(ProjectConfigurationPlatforms) = postSolution
		{7880324D-6BEE-429E-A28B-575C3631FC7E}.Debug|Any CPU.ActiveCfg = Debug|Any CPU
		{7880324D-6BEE-429E-A28B-575C3631FC7E}.Debug|Any CPU.Build.0 = Debug|Any CPU
		{7880324D-6BEE-429E-A28B-575C3631FC7E}.Release|Any CPU.ActiveCfg = Release|Any CPU
		{7880324D-6BEE-429E-A28B-575C3631FC7E}.Release|Any CPU.Build.0 = Release|Any CPU
		{96511499-7D9A-470A-932F-576DAF4EDF3A}.Debug|Any CPU.ActiveCfg = Debug|Any CPU
		{96511499-7D9A-470A-932F-576DAF4EDF3A}.Debug|Any CPU.Build.0 = Debug|Any CPU
		{96511499-7D9A-470A-932F-576DAF4EDF3A}.Release|Any CPU.ActiveCfg = Release|Any CPU
		{96511499-7D9A-470A-932F-576DAF4EDF3A}.Release|Any CPU.Build.0 = Release|Any CPU
	EndGlobalSection
	GlobalSection(SolutionProperties) = preSolution
		HideSolutionNode = FALSE
	EndGlobalSection
EndGlobal
